
Microsoft Visual Studio Solution File, Format Version 12.00
# Visual Studio Version 16
VisualStudioVersion = 16.0.29519.181
MinimumVisualStudioVersion = 10.0.40219.1
Project("{FAE04EC0-301F-11D3-BF4B-00C04F79EFBC}") = "semafori", "semafori\semafori.csproj", "{A11CB0F3-283D-4EDD-B2E5-14AFFEF349CE}"
EndProject
Global
	GlobalSection(SolutionConfigurationPlatforms) = preSolution
		Debug|Any CPU = Debug|Any CPU
		Release|Any CPU = Release|Any CPU
	EndGlobalSection
	GlobalSection(ProjectConfigurationPlatforms) = postSolution
		{A11CB0F3-283D-4EDD-B2E5-14AFFEF349CE}.Debug|Any CPU.ActiveCfg = Debug|Any CPU
		{A11CB0F3-283D-4EDD-B2E5-14AFFEF349CE}.Debug|Any CPU.Build.0 = Debug|Any CPU
		{A11CB0F3-283D-4EDD-B2E5-14AFFEF349CE}.Release|Any CPU.ActiveCfg = Release|Any CPU
		{A11CB0F3-283D-4EDD-B2E5-14AFFEF349CE}.Release|Any CPU.Build.0 = Release|Any CPU
	EndGlobalSection
	GlobalSection(SolutionProperties) = preSolution
		HideSolutionNode = FALSE
	EndGlobalSection
	GlobalSection(ExtensibilityGlobals) = postSolution
		SolutionGuid = {31EC963D-3BB1-42D7-B40A-F74A52664267}
	EndGlobalSection
EndGlobal
